
Microsoft Visual Studio Solution File, Format Version 12.00
# Visual Studio Version 17
VisualStudioVersion = 17.3.32819.101
MinimumVisualStudioVersion = 10.0.40219.1
Project("{9A19103F-16F7-4668-BE54-9A1E7A4F7556}") = "okta-aspnetcore-webapi-example", "okta-aspnetcore-webapi-example\okta-aspnetcore-webapi-example.csproj", "{1420CB53-E28C-49A2-BF82-6C4C9D432BE7}"
EndProject
Global
	GlobalSection(SolutionConfigurationPlatforms) = preSolution
		Debug|Any CPU = Debug|Any CPU
		Release|Any CPU = Release|Any CPU
	EndGlobalSection
	GlobalSection(ProjectConfigurationPlatforms) = postSolution
		{1420CB53-E28C-49A2-BF82-6C4C9D432BE7}.Debug|Any CPU.ActiveCfg = Debug|Any CPU
		{1420CB53-E28C-49A2-BF82-6C4C9D432BE7}.Debug|Any CPU.Build.0 = Debug|Any CPU
		{1420CB53-E28C-49A2-BF82-6C4C9D432BE7}.Release|Any CPU.ActiveCfg = Release|Any CPU
		{1420CB53-E28C-49A2-BF82-6C4C9D432BE7}.Release|Any CPU.Build.0 = Release|Any CPU
	EndGlobalSection
	GlobalSection(SolutionProperties) = preSolution
		HideSolutionNode = FALSE
	EndGlobalSection
	GlobalSection(ExtensibilityGlobals) = postSolution
		SolutionGuid = {18DFD4F4-3C72-404E-B7AC-CA544AA4CD3E}
	EndGlobalSection
EndGlobal
