
Microsoft Visual Studio Solution File, Format Version 12.00
# Visual Studio Version 16
VisualStudioVersion = 16.0.28729.10
MinimumVisualStudioVersion = 10.0.40219.1
Project("{FAE04EC0-301F-11D3-BF4B-00C04F79EFBC}") = "okta-aspnetcore-mvc-example", "okta-aspnetcore-mvc-example\okta-aspnetcore-mvc-example.csproj", "{E358DC85-C34B-4B6F-BBE1-4814A43D7827}"
EndProject
Global
	GlobalSection(SolutionConfigurationPlatforms) = preSolution
		Debug|Any CPU = Debug|Any CPU
		Release|Any CPU = Release|Any CPU
	EndGlobalSection
	GlobalSection(ProjectConfigurationPlatforms) = postSolution
		{E358DC85-C34B-4B6F-BBE1-4814A43D7827}.Debug|Any CPU.ActiveCfg = Debug|Any CPU
		{E358DC85-C34B-4B6F-BBE1-4814A43D7827}.Debug|Any CPU.Build.0 = Debug|Any CPU
		{E358DC85-C34B-4B6F-BBE1-4814A43D7827}.Release|Any CPU.ActiveCfg = Release|Any CPU
		{E358DC85-C34B-4B6F-BBE1-4814A43D7827}.Release|Any CPU.Build.0 = Release|Any CPU
	EndGlobalSection
	GlobalSection(SolutionProperties) = preSolution
		HideSolutionNode = FALSE
	EndGlobalSection
	GlobalSection(ExtensibilityGlobals) = postSolution
		SolutionGuid = {689AB55A-EB52-4057-B501-1AD0A57D683B}
	EndGlobalSection
EndGlobal
