
Microsoft Visual Studio Solution File, Format Version 12.00
# Visual Studio Version 16
VisualStudioVersion = 16.0.28729.10
MinimumVisualStudioVersion = 10.0.40219.1
Project("{FAE04EC0-301F-11D3-BF4B-00C04F79EFBC}") = "okta-aspnetcore-webapi-example", "okta-aspnetcore-webapi-example\okta-aspnetcore-webapi-example.csproj", "{778066D7-71AE-4640-A442-9B6B4AE8CF2C}"
EndProject
Global
	GlobalSection(SolutionConfigurationPlatforms) = preSolution
		Debug|Any CPU = Debug|Any CPU
		Release|Any CPU = Release|Any CPU
	EndGlobalSection
	GlobalSection(ProjectConfigurationPlatforms) = postSolution
		{778066D7-71AE-4640-A442-9B6B4AE8CF2C}.Debug|Any CPU.ActiveCfg = Debug|Any CPU
		{778066D7-71AE-4640-A442-9B6B4AE8CF2C}.Debug|Any CPU.Build.0 = Debug|Any CPU
		{778066D7-71AE-4640-A442-9B6B4AE8CF2C}.Release|Any CPU.ActiveCfg = Release|Any CPU
		{778066D7-71AE-4640-A442-9B6B4AE8CF2C}.Release|Any CPU.Build.0 = Release|Any CPU
	EndGlobalSection
	GlobalSection(SolutionProperties) = preSolution
		HideSolutionNode = FALSE
	EndGlobalSection
	GlobalSection(ExtensibilityGlobals) = postSolution
		SolutionGuid = {A675EC44-E718-4243-913F-05C5CFA72B47}
	EndGlobalSection
EndGlobal
